<?xml version="1.0" encoding="utf-8"?>
<Project ToolsVersion="4.0" xmlns="http://schemas.microsoft.com/developer/msbuild/2003">
  <ItemGroup>
    <Filter Include="Source Files">
      <UniqueIdentifier>{4FC737F1-C7A5-4376-A066-2A32D752A2FF}</UniqueIdentifier>
      <Extensions>cpp;c;cc;cxx;def;odl;idl;hpj;bat;asm;asmx</Extensions>
    </Filter>
    <Filter Include="Header Files">
      <UniqueIdentifier>{93995380-89BD-4b04-88EB-625FBE52EBFB}</UniqueIdentifier>
      <Extensions>h;hpp;hxx;hm;inl;inc;xsd</Extensions>
    </Filter>
    <Filter Include="Resource Files">
      <UniqueIdentifier>{67DA6AB6-F800-4c08-8B7A-83BB121AAD01}</UniqueIdentifier>
      <Extensions>rc;ico;cur;bmp;dlg;rc2;rct;bin;rgs;gif;jpg;jpeg;jpe;resx;tiff;tif;png;wav;mfcribbon-ms</Extensions>
    </Filter>
    <Filter Include="_TestManager">
      <UniqueIdentifier>{dfa0f7ce-8942-43a7-98a1-a99a01c39339}</UniqueIdentifier>
    </Filter>
    <Filter Include="_Utility">
      <UniqueIdentifier>{67d1c155-a212-4237-ab0c-f38d47dbd4a9}</UniqueIdentifier>
    </Filter>
    <Filter Include="_Utility\CommFunc">
      <UniqueIdentifier>{4d0d4d6e-ff9e-4d5f-a304-72e9c9a2e763}</UniqueIdentifier>
    </Filter>
    <Filter Include="_Utility\Logger">
      <UniqueIdentifier>{673f79da-fbc7-4e0d-90ea-545f4fc67584}</UniqueIdentifier>
    </Filter>
    <Filter Include="_Utility\Parser">
      <UniqueIdentifier>{991caeb0-2862-4d4d-8cb8-8455a2796bce}</UniqueIdentifier>
    </Filter>
    <Filter Include="_Utility\mySocket">
      <UniqueIdentifier>{d5d6f60e-f2a6-4037-bab0-815ad7d13c0c}</UniqueIdentifier>
    </Filter>
    <Filter Include="_EquipController">
      <UniqueIdentifier>{3514bce9-6d62-4bd5-97a4-5f75cd51e751}</UniqueIdentifier>
    </Filter>
    <Filter Include="_EquipController\LitePoint">
      <UniqueIdentifier>{09e4499c-3ee8-423f-8156-e8250935e6ce}</UniqueIdentifier>
    </Filter>
    <Filter Include="_TestItems">
      <UniqueIdentifier>{c2233bd7-7721-4321-94e2-925695ae8027}</UniqueIdentifier>
    </Filter>
    <Filter Include="Lib">
      <UniqueIdentifier>{d0504b09-f5b0-43fd-994f-c468e4c02c0b}</UniqueIdentifier>
    </Filter>
    <Filter Include="_Utility\Converter">
      <UniqueIdentifier>{0ee5a5c3-ac8a-42f7-839e-d12c3c6d3e85}</UniqueIdentifier>
    </Filter>
    <Filter Include="_EquipController\NationalInstruments">
      <UniqueIdentifier>{14c2a7de-e647-4496-9a08-c27cb1afefd6}</UniqueIdentifier>
    </Filter>
    <Filter Include="_Utility\myMD5">
      <UniqueIdentifier>{d09250ba-524b-4264-a3bb-bd0fc603e759}</UniqueIdentifier>
    </Filter>
    <Filter Include="_Utility\myPing">
      <UniqueIdentifier>{7418b4b0-1121-4bb3-a7f3-50ce63cc83e8}</UniqueIdentifier>
    </Filter>
  </ItemGroup>
  <ItemGroup>
    <None Include="ReadMe.txt" />
  </ItemGroup>
  <ItemGroup>
    <ClInclude Include="stdafx.h">
      <Filter>Header Files</Filter>
    </ClInclude>
    <ClInclude Include="targetver.h">
      <Filter>Header Files</Filter>
    </ClInclude>
    <ClInclude Include="Resource.h">
      <Filter>Header Files</Filter>
    </ClInclude>
    <ClInclude Include="rfConsole.h">
      <Filter>Header Files</Filter>
    </ClInclude>
    <ClInclude Include="_TestManager\TestManager.h">
      <Filter>_TestManager</Filter>
    </ClInclude>
    <ClInclude Include="_Utility\Logger\Logger.h">
      <Filter>_Utility\Logger</Filter>
    </ClInclude>
    <ClInclude Include="_Utility\Parser\Parser.h">
      <Filter>_Utility\Parser</Filter>
    </ClInclude>
    <ClInclude Include="_Utility\mySocket\mySocket.h">
      <Filter>_Utility\mySocket</Filter>
    </ClInclude>
    <ClInclude Include="_EquipController\EquipCtrlBase.h">
      <Filter>_EquipController</Filter>
    </ClInclude>
    <ClInclude Include="_EquipController\LitePoint\LP_Utility.h">
      <Filter>_EquipController\LitePoint</Filter>
    </ClInclude>
    <ClInclude Include="_EquipController\LitePoint\LPIQ.h">
      <Filter>_EquipController\LitePoint</Filter>
    </ClInclude>
    <ClInclude Include="_TestItems\TestItems.h">
      <Filter>_TestItems</Filter>
    </ClInclude>
    <ClInclude Include="..\..\Lib\rfDefine.h">
      <Filter>Lib</Filter>
    </ClInclude>
    <ClInclude Include="..\..\Lib\vDUTexport.h">
      <Filter>Lib</Filter>
    </ClInclude>
    <ClInclude Include="_Utility\CommFunc\CommFunc.h">
      <Filter>_Utility\CommFunc</Filter>
    </ClInclude>
    <ClInclude Include="_Utility\myMD5\myMD5.h">
      <Filter>_Utility\myMD5</Filter>
    </ClInclude>
    <ClInclude Include="_EquipController\NationalInstruments\NI_GIT.h">
      <Filter>_EquipController\NationalInstruments</Filter>
    </ClInclude>
    <ClInclude Include="_Utility\Converter\Converter.h">
      <Filter>_Utility\Converter</Filter>
    </ClInclude>
    <ClInclude Include="_Utility\myPing\myPing.h">
      <Filter>_Utility\myPing</Filter>
    </ClInclude>
  </ItemGroup>
  <ItemGroup>
    <ClCompile Include="stdafx.cpp">
      <Filter>Source Files</Filter>
    </ClCompile>
    <ClCompile Include="rfConsole.cpp">
      <Filter>Source Files</Filter>
    </ClCompile>
    <ClCompile Include="_TestManager\TestManager.cpp">
      <Filter>_TestManager</Filter>
    </ClCompile>
    <ClCompile Include="_Utility\Logger\Logger.cpp">
      <Filter>_Utility\Logger</Filter>
    </ClCompile>
    <ClCompile Include="_Utility\Parser\Parser.cpp">
      <Filter>_Utility\Parser</Filter>
    </ClCompile>
    <ClCompile Include="_Utility\mySocket\mySocket.cpp">
      <Filter>_Utility\mySocket</Filter>
    </ClCompile>
    <ClCompile Include="_EquipController\LitePoint\LPIQ.cpp">
      <Filter>_EquipController\LitePoint</Filter>
    </ClCompile>
    <ClCompile Include="_TestItems\TestItems.cpp">
      <Filter>_TestItems</Filter>
    </ClCompile>
    <ClCompile Include="_Utility\CommFunc\CommFunc.cpp">
      <Filter>_Utility\CommFunc</Filter>
    </ClCompile>
    <ClCompile Include="_Utility\myMD5\myMD5.cpp">
      <Filter>_Utility\myMD5</Filter>
    </ClCompile>
    <ClCompile Include="_EquipController\NationalInstruments\NI_GIT.cpp">
      <Filter>_EquipController\NationalInstruments</Filter>
    </ClCompile>
    <ClCompile Include="_Utility\Converter\Converter.cpp">
      <Filter>_Utility\Converter</Filter>
    </ClCompile>
    <ClCompile Include="_Utility\myPing\myPing.cpp">
      <Filter>_Utility\myPing</Filter>
    </ClCompile>
  </ItemGroup>
  <ItemGroup>
    <ResourceCompile Include="rfConsole.rc">
      <Filter>Resource Files</Filter>
    </ResourceCompile>
  </ItemGroup>
</Project>