
Microsoft Visual Studio Solution File, Format Version 11.00
# Visual Studio 2010
Project("{8BC9CEB8-8B4A-11D0-8D11-00A0C91BC942}") = "rfConsole", "rfConsole\rfConsole.vcxproj", "{D87CAAF9-9C0F-4D17-A63F-930F2AA5236D}"
EndProject
Project("{8BC9CEB8-8B4A-11D0-8D11-00A0C91BC942}") = "vDUTctrl", "..\vDUT\vDUTctrl\vDUTctrl.vcxproj", "{D55779F3-3748-4BAF-9DFE-D3D4FB902445}"
EndProject
Global
	GlobalSection(SolutionConfigurationPlatforms) = preSolution
		Debug|Win32 = Debug|Win32
		Release|Win32 = Release|Win32
	EndGlobalSection
	GlobalSection(ProjectConfigurationPlatforms) = postSolution
		{D87CAAF9-9C0F-4D17-A63F-930F2AA5236D}.Debug|Win32.ActiveCfg = Debug|Win32
		{D87CAAF9-9C0F-4D17-A63F-930F2AA5236D}.Debug|Win32.Build.0 = Debug|Win32
		{D87CAAF9-9C0F-4D17-A63F-930F2AA5236D}.Release|Win32.ActiveCfg = Release|Win32
		{D87CAAF9-9C0F-4D17-A63F-930F2AA5236D}.Release|Win32.Build.0 = Release|Win32
		{D55779F3-3748-4BAF-9DFE-D3D4FB902445}.Debug|Win32.ActiveCfg = Debug|Win32
		{D55779F3-3748-4BAF-9DFE-D3D4FB902445}.Debug|Win32.Build.0 = Debug|Win32
		{D55779F3-3748-4BAF-9DFE-D3D4FB902445}.Release|Win32.ActiveCfg = Release|Win32
		{D55779F3-3748-4BAF-9DFE-D3D4FB902445}.Release|Win32.Build.0 = Release|Win32
	EndGlobalSection
	GlobalSection(SolutionProperties) = preSolution
		HideSolutionNode = FALSE
	EndGlobalSection
EndGlobal
